
Microsoft Visual Studio Solution File, Format Version 12.00
# Visual Studio 15
VisualStudioVersion = 15.0.28307.779
MinimumVisualStudioVersion = 10.0.40219.1
Project("{FAE04EC0-301F-11D3-BF4B-00C04F79EFBC}") = "LipSyncApp", "LipSyncApp\LipSyncApp.csproj", "{2676281B-EC95-4CFD-A8EE-30F753019014}"
EndProject
Global
	GlobalSection(SolutionConfigurationPlatforms) = preSolution
		Debug|Any CPU = Debug|Any CPU
		Release|Any CPU = Release|Any CPU
	EndGlobalSection
	GlobalSection(ProjectConfigurationPlatforms) = postSolution
		{2676281B-EC95-4CFD-A8EE-30F753019014}.Debug|Any CPU.ActiveCfg = Debug|Any CPU
		{2676281B-EC95-4CFD-A8EE-30F753019014}.Debug|Any CPU.Build.0 = Debug|Any CPU
		{2676281B-EC95-4CFD-A8EE-30F753019014}.Release|Any CPU.ActiveCfg = Release|Any CPU
		{2676281B-EC95-4CFD-A8EE-30F753019014}.Release|Any CPU.Build.0 = Release|Any CPU
	EndGlobalSection
	GlobalSection(SolutionProperties) = preSolution
		HideSolutionNode = FALSE
	EndGlobalSection
	GlobalSection(ExtensibilityGlobals) = postSolution
		SolutionGuid = {9E14D721-2B1B-47EF-AB5F-034779419856}
	EndGlobalSection
EndGlobal
